
Microsoft Visual Studio Solution File, Format Version 12.00
# Visual Studio Version 16
VisualStudioVersion = 16.0.29418.71
MinimumVisualStudioVersion = 10.0.40219.1
Project("{FAE04EC0-301F-11D3-BF4B-00C04F79EFBC}") = "ConsoleApp1", "ConsoleApp1\ConsoleApp1.csproj", "{45DA988A-87E6-4958-B753-8751A7A0850D}"
EndProject
Global
	GlobalSection(SolutionConfigurationPlatforms) = preSolution
		Debug|Any CPU = Debug|Any CPU
		Release|Any CPU = Release|Any CPU
	EndGlobalSection
	GlobalSection(ProjectConfigurationPlatforms) = postSolution
		{45DA988A-87E6-4958-B753-8751A7A0850D}.Debug|Any CPU.ActiveCfg = Debug|Any CPU
		{45DA988A-87E6-4958-B753-8751A7A0850D}.Debug|Any CPU.Build.0 = Debug|Any CPU
		{45DA988A-87E6-4958-B753-8751A7A0850D}.Release|Any CPU.ActiveCfg = Release|Any CPU
		{45DA988A-87E6-4958-B753-8751A7A0850D}.Release|Any CPU.Build.0 = Release|Any CPU
	EndGlobalSection
	GlobalSection(SolutionProperties) = preSolution
		HideSolutionNode = FALSE
	EndGlobalSection
	GlobalSection(ExtensibilityGlobals) = postSolution
		SolutionGuid = {FF3038C4-FC62-4C74-8B12-1733B5876DCD}
	EndGlobalSection
EndGlobal
