
Microsoft Visual Studio Solution File, Format Version 12.00
# Visual Studio Version 16
VisualStudioVersion = 16.0.29418.71
MinimumVisualStudioVersion = 10.0.40219.1
Project("{FAE04EC0-301F-11D3-BF4B-00C04F79EFBC}") = "ProductManage", "ProductManage\ProductManage.csproj", "{66DA924C-620F-4FBE-9EAC-11B7C19EEA49}"
EndProject
Global
	GlobalSection(SolutionConfigurationPlatforms) = preSolution
		Debug|Any CPU = Debug|Any CPU
		Release|Any CPU = Release|Any CPU
	EndGlobalSection
	GlobalSection(ProjectConfigurationPlatforms) = postSolution
		{66DA924C-620F-4FBE-9EAC-11B7C19EEA49}.Debug|Any CPU.ActiveCfg = Debug|Any CPU
		{66DA924C-620F-4FBE-9EAC-11B7C19EEA49}.Debug|Any CPU.Build.0 = Debug|Any CPU
		{66DA924C-620F-4FBE-9EAC-11B7C19EEA49}.Release|Any CPU.ActiveCfg = Release|Any CPU
		{66DA924C-620F-4FBE-9EAC-11B7C19EEA49}.Release|Any CPU.Build.0 = Release|Any CPU
	EndGlobalSection
	GlobalSection(SolutionProperties) = preSolution
		HideSolutionNode = FALSE
	EndGlobalSection
	GlobalSection(ExtensibilityGlobals) = postSolution
		SolutionGuid = {878C4ABB-80A0-4053-A058-253830BDB282}
	EndGlobalSection
EndGlobal
